
Microsoft Visual Studio Solution File, Format Version 12.00
# Visual Studio Version 16
VisualStudioVersion = 16.0.30413.136
MinimumVisualStudioVersion = 10.0.40219.1
Project("{FAE04EC0-301F-11D3-BF4B-00C04F79EFBC}") = "ClassLibraryDotNet", "ClassLibraryDotNet\ClassLibraryDotNet.csproj", "{4DE8C0B1-7460-4DBC-8A2C-B879A411B186}"
EndProject
Global
	GlobalSection(SolutionConfigurationPlatforms) = preSolution
		Debug|Any CPU = Debug|Any CPU
		Release|Any CPU = Release|Any CPU
	EndGlobalSection
	GlobalSection(ProjectConfigurationPlatforms) = postSolution
		{4DE8C0B1-7460-4DBC-8A2C-B879A411B186}.Debug|Any CPU.ActiveCfg = Debug|Any CPU
		{4DE8C0B1-7460-4DBC-8A2C-B879A411B186}.Debug|Any CPU.Build.0 = Debug|Any CPU
		{4DE8C0B1-7460-4DBC-8A2C-B879A411B186}.Release|Any CPU.ActiveCfg = Release|Any CPU
		{4DE8C0B1-7460-4DBC-8A2C-B879A411B186}.Release|Any CPU.Build.0 = Release|Any CPU
	EndGlobalSection
	GlobalSection(SolutionProperties) = preSolution
		HideSolutionNode = FALSE
	EndGlobalSection
	GlobalSection(ExtensibilityGlobals) = postSolution
		SolutionGuid = {E7594315-0DE1-499A-B3B2-1DDFA55AB0D7}
	EndGlobalSection
EndGlobal
